{
  "originHash" : "480972a22bf3f758cddc9851b78e707a7c10b5193708a74a93ba82344153353b",
  "pins" : [
    {
      "identity" : "lsfoundation",
      "kind" : "remoteSourceControl",
      "location" : "https://github.com/LudvigShtirner/LSFoundation.git",
      "state" : {
        "revision" : "19b3460806049d3d3e4ea35ae988f8140cecc075",
        "version" : "0.1.5"
      }
    },
    {
      "identity" : "snapkit",
      "kind" : "remoteSourceControl",
      "location" : "https://github.com/SnapKit/SnapKit.git",
      "state" : {
        "revision" : "2842e6e84e82eb9a8dac0100ca90d9444b0307f4",
        "version" : "5.7.1"
      }
    }
  ],
  "version" : 3
}
